// !$*UTF8*$!
{
	archiveVersion = 1;
	classes = {
	};
	objectVersion = 77;
	objects = {

/* Begin PBXBuildFile section */
		01D6CB7270B74958973B7658 /* Gamification.swift in Sources */ = {isa = PBXBuildFile; fileRef = DB11ADA9FA2B371C947A2ED1 /* Gamification.swift */; };
		06822C5F1E53E578527E224C /* ChatConversation.swift in Sources */ = {isa = PBXBuildFile; fileRef = 4C2C528A8E872A6E203B12EE /* ChatConversation.swift */; };
		06D1AC8B1FC40705A0BFBBDD /* FeedScreen.swift in Sources */ = {isa = PBXBuildFile; fileRef = 632DD66ABFB0E93FD7076899 /* FeedScreen.swift */; };
		0A76278452B72DB72B2C7564 /* ChatSheets.swift in Sources */ = {isa = PBXBuildFile; fileRef = A71C1481FBCB2C53A4E97029 /* ChatSheets.swift */; };
		0E1C42C75A9777B375D183F6 /* BottomSheet.swift in Sources */ = {isa = PBXBuildFile; fileRef = 949FE6046CD415DCAB065FF0 /* BottomSheet.swift */; };
		18945B2D9616A879E166D454 /* AuthView.swift in Sources */ = {isa = PBXBuildFile; fileRef = C35CF5CEF84D58CFF275A337 /* AuthView.swift */; };
		1F58970215CFD3193B518DF1 /* APIClient.swift in Sources */ = {isa = PBXBuildFile; fileRef = 787B2B2FED072F7461D72DAF /* APIClient.swift */; };
		248CECC235B4A22D1DF18495 /* RouteScreen.swift in Sources */ = {isa = PBXBuildFile; fileRef = 65CFBD857FD4125D9F2022E5 /* RouteScreen.swift */; };
		2A5081450DDE984EF66EFF4A /* ChatsScreen.swift in Sources */ = {isa = PBXBuildFile; fileRef = 736EDAD1AB14A2FE15D91DC9 /* ChatsScreen.swift */; };
		2C786C7AB3210C4C5C1A1C81 /* ProfileScreen.swift in Sources */ = {isa = PBXBuildFile; fileRef = 33AD7F65AA64A18AC16B1155 /* ProfileScreen.swift */; };
		32868E0EBADB0EA82E6B7826 /* MapExtras.swift in Sources */ = {isa = PBXBuildFile; fileRef = 8AC7086B1C7A3C8173BC9796 /* MapExtras.swift */; };
		43E440B6E38D304098F85F4F /* Store.swift in Sources */ = {isa = PBXBuildFile; fileRef = F0C076B91E7008B6E0D47BAC /* Store.swift */; };
		4D5AB8FB5D7432648A13952C /* Assets.xcassets in Resources */ = {isa = PBXBuildFile; fileRef = DA39DD00045685894469D2F9 /* Assets.xcassets */; };
		4D6F59E766645C7DCBE178E6 /* MapConfig.swift in Sources */ = {isa = PBXBuildFile; fileRef = 5C00F6014D80EFC905335CA2 /* MapConfig.swift */; };
		561CB2703A4831C192BA9F7E /* NetImage.swift in Sources */ = {isa = PBXBuildFile; fileRef = 811844BE98C2A312653C0C18 /* NetImage.swift */; };
		59E800167F4C5AA58518170D /* MapScreen.swift in Sources */ = {isa = PBXBuildFile; fileRef = 141D702DEAF9F043967F411A /* MapScreen.swift */; };
		63ECA256E3F6B844EA1CDABB /* Models.swift in Sources */ = {isa = PBXBuildFile; fileRef = 0768DF8487697BB809912B15 /* Models.swift */; };
		A1CDAEA576C680BF6FAE196B /* PinStore.swift in Sources */ = {isa = PBXBuildFile; fileRef = D8B324C89C865340066F80CC /* PinStore.swift */; };
		B4A7EABDAAD50593E266ABB4 /* LocaleeApp.swift in Sources */ = {isa = PBXBuildFile; fileRef = 25C4F32814FF24E9205DC597 /* LocaleeApp.swift */; };
		BF3AFA510ABFA86E22B25C90 /* YandexMapsMobileLite in Frameworks */ = {isa = PBXBuildFile; productRef = AE633903C92739D5CB8BEFD5 /* YandexMapsMobileLite */; };
		C4EDD9E60FB78BF66559760A /* ImageUtil.swift in Sources */ = {isa = PBXBuildFile; fileRef = A6010B42256577338A6BF0FC /* ImageUtil.swift */; };
		C9116C3529A8D6EFF2CEA973 /* MainTabs.swift in Sources */ = {isa = PBXBuildFile; fileRef = 16A33EB38963C90FEB3B3857 /* MainTabs.swift */; };
		CA1E4DC68304CFFE6A685BF9 /* PhotoCarousel.swift in Sources */ = {isa = PBXBuildFile; fileRef = 05316E0DB142E28335AF9C8D /* PhotoCarousel.swift */; };
		D33ABCDA0B12AC13836DD399 /* YandexMap.swift in Sources */ = {isa = PBXBuildFile; fileRef = 752CDAB9AC879E7B58B38F23 /* YandexMap.swift */; };
		DE743CCC49ECB0F83C5FF581 /* Places.swift in Sources */ = {isa = PBXBuildFile; fileRef = FF696B66F4D4D8CEF66E4063 /* Places.swift */; };
		EB225742E42E16F87AF010F9 /* GroupChat.swift in Sources */ = {isa = PBXBuildFile; fileRef = FFE4E73ACBFE809716FD99EE /* GroupChat.swift */; };
		F868A8229FD85AA3EBFF055C /* Theme.swift in Sources */ = {isa = PBXBuildFile; fileRef = 83CE7F379581D506F5E8E94F /* Theme.swift */; };
		FE29B83240CE942D50199BDA /* SettingsScreen.swift in Sources */ = {isa = PBXBuildFile; fileRef = 56BA19F2C7E5A2745A94C726 /* SettingsScreen.swift */; };
/* End PBXBuildFile section */

/* Begin PBXFileReference section */
		05316E0DB142E28335AF9C8D /* PhotoCarousel.swift */ = {isa = PBXFileReference; lastKnownFileType = sourcecode.swift; path = PhotoCarousel.swift; sourceTree = "<group>"; };
		0768DF8487697BB809912B15 /* Models.swift */ = {isa = PBXFileReference; lastKnownFileType = sourcecode.swift; path = Models.swift; sourceTree = "<group>"; };
		141D702DEAF9F043967F411A /* MapScreen.swift */ = {isa = PBXFileReference; lastKnownFileType = sourcecode.swift; path = MapScreen.swift; sourceTree = "<group>"; };
		16A33EB38963C90FEB3B3857 /* MainTabs.swift */ = {isa = PBXFileReference; lastKnownFileType = sourcecode.swift; path = MainTabs.swift; sourceTree = "<group>"; };
		25C4F32814FF24E9205DC597 /* LocaleeApp.swift */ = {isa = PBXFileReference; lastKnownFileType = sourcecode.swift; path = LocaleeApp.swift; sourceTree = "<group>"; };
		33AD7F65AA64A18AC16B1155 /* ProfileScreen.swift */ = {isa = PBXFileReference; lastKnownFileType = sourcecode.swift; path = ProfileScreen.swift; sourceTree = "<group>"; };
		4C2C528A8E872A6E203B12EE /* ChatConversation.swift */ = {isa = PBXFileReference; lastKnownFileType = sourcecode.swift; path = ChatConversation.swift; sourceTree = "<group>"; };
		56BA19F2C7E5A2745A94C726 /* SettingsScreen.swift */ = {isa = PBXFileReference; lastKnownFileType = sourcecode.swift; path = SettingsScreen.swift; sourceTree = "<group>"; };
		5C00F6014D80EFC905335CA2 /* MapConfig.swift */ = {isa = PBXFileReference; lastKnownFileType = sourcecode.swift; path = MapConfig.swift; sourceTree = "<group>"; };
		632DD66ABFB0E93FD7076899 /* FeedScreen.swift */ = {isa = PBXFileReference; lastKnownFileType = sourcecode.swift; path = FeedScreen.swift; sourceTree = "<group>"; };
		65CFBD857FD4125D9F2022E5 /* RouteScreen.swift */ = {isa = PBXFileReference; lastKnownFileType = sourcecode.swift; path = RouteScreen.swift; sourceTree = "<group>"; };
		736EDAD1AB14A2FE15D91DC9 /* ChatsScreen.swift */ = {isa = PBXFileReference; lastKnownFileType = sourcecode.swift; path = ChatsScreen.swift; sourceTree = "<group>"; };
		752CDAB9AC879E7B58B38F23 /* YandexMap.swift */ = {isa = PBXFileReference; lastKnownFileType = sourcecode.swift; path = YandexMap.swift; sourceTree = "<group>"; };
		787B2B2FED072F7461D72DAF /* APIClient.swift */ = {isa = PBXFileReference; lastKnownFileType = sourcecode.swift; path = APIClient.swift; sourceTree = "<group>"; };
		811844BE98C2A312653C0C18 /* NetImage.swift */ = {isa = PBXFileReference; lastKnownFileType = sourcecode.swift; path = NetImage.swift; sourceTree = "<group>"; };
		83CE7F379581D506F5E8E94F /* Theme.swift */ = {isa = PBXFileReference; lastKnownFileType = sourcecode.swift; path = Theme.swift; sourceTree = "<group>"; };
		8AC7086B1C7A3C8173BC9796 /* MapExtras.swift */ = {isa = PBXFileReference; lastKnownFileType = sourcecode.swift; path = MapExtras.swift; sourceTree = "<group>"; };
		949FE6046CD415DCAB065FF0 /* BottomSheet.swift */ = {isa = PBXFileReference; lastKnownFileType = sourcecode.swift; path = BottomSheet.swift; sourceTree = "<group>"; };
		A6010B42256577338A6BF0FC /* ImageUtil.swift */ = {isa = PBXFileReference; lastKnownFileType = sourcecode.swift; path = ImageUtil.swift; sourceTree = "<group>"; };
		A71C1481FBCB2C53A4E97029 /* ChatSheets.swift */ = {isa = PBXFileReference; lastKnownFileType = sourcecode.swift; path = ChatSheets.swift; sourceTree = "<group>"; };
		C35CF5CEF84D58CFF275A337 /* AuthView.swift */ = {isa = PBXFileReference; lastKnownFileType = sourcecode.swift; path = AuthView.swift; sourceTree = "<group>"; };
		D8B324C89C865340066F80CC /* PinStore.swift */ = {isa = PBXFileReference; lastKnownFileType = sourcecode.swift; path = PinStore.swift; sourceTree = "<group>"; };
		DA39DD00045685894469D2F9 /* Assets.xcassets */ = {isa = PBXFileReference; lastKnownFileType = folder.assetcatalog; path = Assets.xcassets; sourceTree = "<group>"; };
		DB11ADA9FA2B371C947A2ED1 /* Gamification.swift */ = {isa = PBXFileReference; lastKnownFileType = sourcecode.swift; path = Gamification.swift; sourceTree = "<group>"; };
		E2C2CC0F14AEA5FEDCD1021D /* Localee.app */ = {isa = PBXFileReference; includeInIndex = 0; lastKnownFileType = wrapper.application; path = Localee.app; sourceTree = BUILT_PRODUCTS_DIR; };
		F0C076B91E7008B6E0D47BAC /* Store.swift */ = {isa = PBXFileReference; lastKnownFileType = sourcecode.swift; path = Store.swift; sourceTree = "<group>"; };
		FF696B66F4D4D8CEF66E4063 /* Places.swift */ = {isa = PBXFileReference; lastKnownFileType = sourcecode.swift; path = Places.swift; sourceTree = "<group>"; };
		FFE4E73ACBFE809716FD99EE /* GroupChat.swift */ = {isa = PBXFileReference; lastKnownFileType = sourcecode.swift; path = GroupChat.swift; sourceTree = "<group>"; };
/* End PBXFileReference section */

/* Begin PBXFrameworksBuildPhase section */
		C21FFF93FD2B5BCCF9A28F17 /* Frameworks */ = {
			isa = PBXFrameworksBuildPhase;
			buildActionMask = 2147483647;
			files = (
				BF3AFA510ABFA86E22B25C90 /* YandexMapsMobileLite in Frameworks */,
			);
			runOnlyForDeploymentPostprocessing = 0;
		};
/* End PBXFrameworksBuildPhase section */

/* Begin PBXGroup section */
		0E1E4C738697BB7BA2B245EB = {
			isa = PBXGroup;
			children = (
				63A0CD5FCD536EDB722ECC16 /* Localee */,
				6B801C2E27BC460BABD114E4 /* Products */,
			);
			sourceTree = "<group>";
		};
		63A0CD5FCD536EDB722ECC16 /* Localee */ = {
			isa = PBXGroup;
			children = (
				787B2B2FED072F7461D72DAF /* APIClient.swift */,
				DA39DD00045685894469D2F9 /* Assets.xcassets */,
				C35CF5CEF84D58CFF275A337 /* AuthView.swift */,
				949FE6046CD415DCAB065FF0 /* BottomSheet.swift */,
				4C2C528A8E872A6E203B12EE /* ChatConversation.swift */,
				A71C1481FBCB2C53A4E97029 /* ChatSheets.swift */,
				736EDAD1AB14A2FE15D91DC9 /* ChatsScreen.swift */,
				632DD66ABFB0E93FD7076899 /* FeedScreen.swift */,
				DB11ADA9FA2B371C947A2ED1 /* Gamification.swift */,
				FFE4E73ACBFE809716FD99EE /* GroupChat.swift */,
				A6010B42256577338A6BF0FC /* ImageUtil.swift */,
				25C4F32814FF24E9205DC597 /* LocaleeApp.swift */,
				16A33EB38963C90FEB3B3857 /* MainTabs.swift */,
				5C00F6014D80EFC905335CA2 /* MapConfig.swift */,
				8AC7086B1C7A3C8173BC9796 /* MapExtras.swift */,
				141D702DEAF9F043967F411A /* MapScreen.swift */,
				0768DF8487697BB809912B15 /* Models.swift */,
				811844BE98C2A312653C0C18 /* NetImage.swift */,
				05316E0DB142E28335AF9C8D /* PhotoCarousel.swift */,
				D8B324C89C865340066F80CC /* PinStore.swift */,
				FF696B66F4D4D8CEF66E4063 /* Places.swift */,
				33AD7F65AA64A18AC16B1155 /* ProfileScreen.swift */,
				65CFBD857FD4125D9F2022E5 /* RouteScreen.swift */,
				56BA19F2C7E5A2745A94C726 /* SettingsScreen.swift */,
				F0C076B91E7008B6E0D47BAC /* Store.swift */,
				83CE7F379581D506F5E8E94F /* Theme.swift */,
				752CDAB9AC879E7B58B38F23 /* YandexMap.swift */,
			);
			path = Localee;
			sourceTree = "<group>";
		};
		6B801C2E27BC460BABD114E4 /* Products */ = {
			isa = PBXGroup;
			children = (
				E2C2CC0F14AEA5FEDCD1021D /* Localee.app */,
			);
			name = Products;
			sourceTree = "<group>";
		};
/* End PBXGroup section */

/* Begin PBXNativeTarget section */
		03B07FDF10C2F699EA74E77E /* Localee */ = {
			isa = PBXNativeTarget;
			buildConfigurationList = 17931C938FEFE24762AF2E15 /* Build configuration list for PBXNativeTarget "Localee" */;
			buildPhases = (
				00862D0473F5EA9714FAC953 /* Sources */,
				141B7BFDEA01B67FB15B0CF0 /* Resources */,
				C21FFF93FD2B5BCCF9A28F17 /* Frameworks */,
			);
			buildRules = (
			);
			dependencies = (
			);
			name = Localee;
			packageProductDependencies = (
				AE633903C92739D5CB8BEFD5 /* YandexMapsMobileLite */,
			);
			productName = Localee;
			productReference = E2C2CC0F14AEA5FEDCD1021D /* Localee.app */;
			productType = "com.apple.product-type.application";
		};
/* End PBXNativeTarget section */

/* Begin PBXProject section */
		03BFB848BFA273CB742F1139 /* Project object */ = {
			isa = PBXProject;
			attributes = {
				BuildIndependentTargetsInParallel = YES;
				LastUpgradeCheck = 1430;
				TargetAttributes = {
					03B07FDF10C2F699EA74E77E = {
						DevelopmentTeam = "";
						ProvisioningStyle = Automatic;
					};
				};
			};
			buildConfigurationList = AAB2464067AAAAE9B750F2E6 /* Build configuration list for PBXProject "Localee" */;
			developmentRegion = en;
			hasScannedForEncodings = 0;
			knownRegions = (
				Base,
				en,
			);
			mainGroup = 0E1E4C738697BB7BA2B245EB;
			minimizedProjectReferenceProxies = 1;
			packageReferences = (
				A9CCF4DB7CCB00118A6DF431 /* XCRemoteSwiftPackageReference "mapkit-ios-lite" */,
			);
			preferredProjectObjectVersion = 77;
			productRefGroup = 6B801C2E27BC460BABD114E4 /* Products */;
			projectDirPath = "";
			projectRoot = "";
			targets = (
				03B07FDF10C2F699EA74E77E /* Localee */,
			);
		};
/* End PBXProject section */

/* Begin PBXResourcesBuildPhase section */
		141B7BFDEA01B67FB15B0CF0 /* Resources */ = {
			isa = PBXResourcesBuildPhase;
			buildActionMask = 2147483647;
			files = (
				4D5AB8FB5D7432648A13952C /* Assets.xcassets in Resources */,
			);
			runOnlyForDeploymentPostprocessing = 0;
		};
/* End PBXResourcesBuildPhase section */

/* Begin PBXSourcesBuildPhase section */
		00862D0473F5EA9714FAC953 /* Sources */ = {
			isa = PBXSourcesBuildPhase;
			buildActionMask = 2147483647;
			files = (
				1F58970215CFD3193B518DF1 /* APIClient.swift in Sources */,
				18945B2D9616A879E166D454 /* AuthView.swift in Sources */,
				0E1C42C75A9777B375D183F6 /* BottomSheet.swift in Sources */,
				06822C5F1E53E578527E224C /* ChatConversation.swift in Sources */,
				0A76278452B72DB72B2C7564 /* ChatSheets.swift in Sources */,
				2A5081450DDE984EF66EFF4A /* ChatsScreen.swift in Sources */,
				06D1AC8B1FC40705A0BFBBDD /* FeedScreen.swift in Sources */,
				01D6CB7270B74958973B7658 /* Gamification.swift in Sources */,
				EB225742E42E16F87AF010F9 /* GroupChat.swift in Sources */,
				C4EDD9E60FB78BF66559760A /* ImageUtil.swift in Sources */,
				B4A7EABDAAD50593E266ABB4 /* LocaleeApp.swift in Sources */,
				C9116C3529A8D6EFF2CEA973 /* MainTabs.swift in Sources */,
				4D6F59E766645C7DCBE178E6 /* MapConfig.swift in Sources */,
				32868E0EBADB0EA82E6B7826 /* MapExtras.swift in Sources */,
				59E800167F4C5AA58518170D /* MapScreen.swift in Sources */,
				63ECA256E3F6B844EA1CDABB /* Models.swift in Sources */,
				561CB2703A4831C192BA9F7E /* NetImage.swift in Sources */,
				CA1E4DC68304CFFE6A685BF9 /* PhotoCarousel.swift in Sources */,
				A1CDAEA576C680BF6FAE196B /* PinStore.swift in Sources */,
				DE743CCC49ECB0F83C5FF581 /* Places.swift in Sources */,
				2C786C7AB3210C4C5C1A1C81 /* ProfileScreen.swift in Sources */,
				248CECC235B4A22D1DF18495 /* RouteScreen.swift in Sources */,
				FE29B83240CE942D50199BDA /* SettingsScreen.swift in Sources */,
				43E440B6E38D304098F85F4F /* Store.swift in Sources */,
				F868A8229FD85AA3EBFF055C /* Theme.swift in Sources */,
				D33ABCDA0B12AC13836DD399 /* YandexMap.swift in Sources */,
			);
			runOnlyForDeploymentPostprocessing = 0;
		};
/* End PBXSourcesBuildPhase section */

/* Begin XCBuildConfiguration section */
		45C9FC2F778A01B8F40D12B8 /* Release */ = {
			isa = XCBuildConfiguration;
			buildSettings = {
				ASSETCATALOG_COMPILER_APPICON_NAME = AppIcon;
				CODE_SIGN_IDENTITY = "iPhone Developer";
				INFOPLIST_KEY_CFBundleDisplayName = Localee;
				LD_RUNPATH_SEARCH_PATHS = (
					"$(inherited)",
					"@executable_path/Frameworks",
				);
				OTHER_LDFLAGS = "-ObjC";
				PRODUCT_BUNDLE_IDENTIFIER = ru.localee.app;
				SDKROOT = iphoneos;
				TARGETED_DEVICE_FAMILY = "1,2";
			};
			name = Release;
		};
		962EA534B71D92CD075DE9DE /* Debug */ = {
			isa = XCBuildConfiguration;
			buildSettings = {
				ASSETCATALOG_COMPILER_APPICON_NAME = AppIcon;
				CODE_SIGN_IDENTITY = "iPhone Developer";
				INFOPLIST_KEY_CFBundleDisplayName = Localee;
				LD_RUNPATH_SEARCH_PATHS = (
					"$(inherited)",
					"@executable_path/Frameworks",
				);
				OTHER_LDFLAGS = "-ObjC";
				PRODUCT_BUNDLE_IDENTIFIER = ru.localee.app;
				SDKROOT = iphoneos;
				TARGETED_DEVICE_FAMILY = "1,2";
			};
			name = Debug;
		};
		A75930A5D45DCBCA9AD4473E /* Release */ = {
			isa = XCBuildConfiguration;
			buildSettings = {
				ALWAYS_SEARCH_USER_PATHS = NO;
				CLANG_ANALYZER_NONNULL = YES;
				CLANG_ANALYZER_NUMBER_OBJECT_CONVERSION = YES_AGGRESSIVE;
				CLANG_CXX_LANGUAGE_STANDARD = "gnu++14";
				CLANG_CXX_LIBRARY = "libc++";
				CLANG_ENABLE_MODULES = YES;
				CLANG_ENABLE_OBJC_ARC = YES;
				CLANG_ENABLE_OBJC_WEAK = YES;
				CLANG_WARN_BLOCK_CAPTURE_AUTORELEASING = YES;
				CLANG_WARN_BOOL_CONVERSION = YES;
				CLANG_WARN_COMMA = YES;
				CLANG_WARN_CONSTANT_CONVERSION = YES;
				CLANG_WARN_DEPRECATED_OBJC_IMPLEMENTATIONS = YES;
				CLANG_WARN_DIRECT_OBJC_ISA_USAGE = YES_ERROR;
				CLANG_WARN_DOCUMENTATION_COMMENTS = YES;
				CLANG_WARN_EMPTY_BODY = YES;
				CLANG_WARN_ENUM_CONVERSION = YES;
				CLANG_WARN_INFINITE_RECURSION = YES;
				CLANG_WARN_INT_CONVERSION = YES;
				CLANG_WARN_NON_LITERAL_NULL_CONVERSION = YES;
				CLANG_WARN_OBJC_IMPLICIT_RETAIN_SELF = YES;
				CLANG_WARN_OBJC_LITERAL_CONVERSION = YES;
				CLANG_WARN_OBJC_ROOT_CLASS = YES_ERROR;
				CLANG_WARN_QUOTED_INCLUDE_IN_FRAMEWORK_HEADER = YES;
				CLANG_WARN_RANGE_LOOP_ANALYSIS = YES;
				CLANG_WARN_STRICT_PROTOTYPES = YES;
				CLANG_WARN_SUSPICIOUS_MOVE = YES;
				CLANG_WARN_UNGUARDED_AVAILABILITY = YES_AGGRESSIVE;
				CLANG_WARN_UNREACHABLE_CODE = YES;
				CLANG_WARN__DUPLICATE_METHOD_MATCH = YES;
				CODE_SIGN_STYLE = Automatic;
				COPY_PHASE_STRIP = NO;
				CURRENT_PROJECT_VERSION = 1;
				DEBUG_INFORMATION_FORMAT = "dwarf-with-dsym";
				DEVELOPMENT_TEAM = "";
				ENABLE_NS_ASSERTIONS = NO;
				ENABLE_STRICT_OBJC_MSGSEND = YES;
				GCC_C_LANGUAGE_STANDARD = gnu11;
				GCC_NO_COMMON_BLOCKS = YES;
				GCC_WARN_64_TO_32_BIT_CONVERSION = YES;
				GCC_WARN_ABOUT_RETURN_TYPE = YES_ERROR;
				GCC_WARN_UNDECLARED_SELECTOR = YES;
				GCC_WARN_UNINITIALIZED_AUTOS = YES_AGGRESSIVE;
				GCC_WARN_UNUSED_FUNCTION = YES;
				GCC_WARN_UNUSED_VARIABLE = YES;
				GENERATE_INFOPLIST_FILE = YES;
				INFOPLIST_KEY_NSLocationWhenInUseUsageDescription = "Карта показывает места рядом с вами.";
				INFOPLIST_KEY_UILaunchScreen_Generation = YES;
				INFOPLIST_KEY_UISupportedInterfaceOrientations = UIInterfaceOrientationPortrait;
				IPHONEOS_DEPLOYMENT_TARGET = 17.0;
				MARKETING_VERSION = 1.0;
				MTL_ENABLE_DEBUG_INFO = NO;
				MTL_FAST_MATH = YES;
				PRODUCT_NAME = "$(TARGET_NAME)";
				SDKROOT = iphoneos;
				SWIFT_COMPILATION_MODE = wholemodule;
				SWIFT_OPTIMIZATION_LEVEL = "-O";
				SWIFT_VERSION = 5.0;
			};
			name = Release;
		};
		E14532A33B14EF14037BB820 /* Debug */ = {
			isa = XCBuildConfiguration;
			buildSettings = {
				ALWAYS_SEARCH_USER_PATHS = NO;
				CLANG_ANALYZER_NONNULL = YES;
				CLANG_ANALYZER_NUMBER_OBJECT_CONVERSION = YES_AGGRESSIVE;
				CLANG_CXX_LANGUAGE_STANDARD = "gnu++14";
				CLANG_CXX_LIBRARY = "libc++";
				CLANG_ENABLE_MODULES = YES;
				CLANG_ENABLE_OBJC_ARC = YES;
				CLANG_ENABLE_OBJC_WEAK = YES;
				CLANG_WARN_BLOCK_CAPTURE_AUTORELEASING = YES;
				CLANG_WARN_BOOL_CONVERSION = YES;
				CLANG_WARN_COMMA = YES;
				CLANG_WARN_CONSTANT_CONVERSION = YES;
				CLANG_WARN_DEPRECATED_OBJC_IMPLEMENTATIONS = YES;
				CLANG_WARN_DIRECT_OBJC_ISA_USAGE = YES_ERROR;
				CLANG_WARN_DOCUMENTATION_COMMENTS = YES;
				CLANG_WARN_EMPTY_BODY = YES;
				CLANG_WARN_ENUM_CONVERSION = YES;
				CLANG_WARN_INFINITE_RECURSION = YES;
				CLANG_WARN_INT_CONVERSION = YES;
				CLANG_WARN_NON_LITERAL_NULL_CONVERSION = YES;
				CLANG_WARN_OBJC_IMPLICIT_RETAIN_SELF = YES;
				CLANG_WARN_OBJC_LITERAL_CONVERSION = YES;
				CLANG_WARN_OBJC_ROOT_CLASS = YES_ERROR;
				CLANG_WARN_QUOTED_INCLUDE_IN_FRAMEWORK_HEADER = YES;
				CLANG_WARN_RANGE_LOOP_ANALYSIS = YES;
				CLANG_WARN_STRICT_PROTOTYPES = YES;
				CLANG_WARN_SUSPICIOUS_MOVE = YES;
				CLANG_WARN_UNGUARDED_AVAILABILITY = YES_AGGRESSIVE;
				CLANG_WARN_UNREACHABLE_CODE = YES;
				CLANG_WARN__DUPLICATE_METHOD_MATCH = YES;
				CODE_SIGN_STYLE = Automatic;
				COPY_PHASE_STRIP = NO;
				CURRENT_PROJECT_VERSION = 1;
				DEBUG_INFORMATION_FORMAT = dwarf;
				DEVELOPMENT_TEAM = "";
				ENABLE_STRICT_OBJC_MSGSEND = YES;
				ENABLE_TESTABILITY = YES;
				GCC_C_LANGUAGE_STANDARD = gnu11;
				GCC_DYNAMIC_NO_PIC = NO;
				GCC_NO_COMMON_BLOCKS = YES;
				GCC_OPTIMIZATION_LEVEL = 0;
				GCC_PREPROCESSOR_DEFINITIONS = (
					"$(inherited)",
					"DEBUG=1",
				);
				GCC_WARN_64_TO_32_BIT_CONVERSION = YES;
				GCC_WARN_ABOUT_RETURN_TYPE = YES_ERROR;
				GCC_WARN_UNDECLARED_SELECTOR = YES;
				GCC_WARN_UNINITIALIZED_AUTOS = YES_AGGRESSIVE;
				GCC_WARN_UNUSED_FUNCTION = YES;
				GCC_WARN_UNUSED_VARIABLE = YES;
				GENERATE_INFOPLIST_FILE = YES;
				INFOPLIST_KEY_NSLocationWhenInUseUsageDescription = "Карта показывает места рядом с вами.";
				INFOPLIST_KEY_UILaunchScreen_Generation = YES;
				INFOPLIST_KEY_UISupportedInterfaceOrientations = UIInterfaceOrientationPortrait;
				IPHONEOS_DEPLOYMENT_TARGET = 17.0;
				MARKETING_VERSION = 1.0;
				MTL_ENABLE_DEBUG_INFO = INCLUDE_SOURCE;
				MTL_FAST_MATH = YES;
				ONLY_ACTIVE_ARCH = YES;
				PRODUCT_NAME = "$(TARGET_NAME)";
				SDKROOT = iphoneos;
				SWIFT_ACTIVE_COMPILATION_CONDITIONS = DEBUG;
				SWIFT_OPTIMIZATION_LEVEL = "-Onone";
				SWIFT_VERSION = 5.0;
			};
			name = Debug;
		};
/* End XCBuildConfiguration section */

/* Begin XCConfigurationList section */
		17931C938FEFE24762AF2E15 /* Build configuration list for PBXNativeTarget "Localee" */ = {
			isa = XCConfigurationList;
			buildConfigurations = (
				962EA534B71D92CD075DE9DE /* Debug */,
				45C9FC2F778A01B8F40D12B8 /* Release */,
			);
			defaultConfigurationIsVisible = 0;
			defaultConfigurationName = Debug;
		};
		AAB2464067AAAAE9B750F2E6 /* Build configuration list for PBXProject "Localee" */ = {
			isa = XCConfigurationList;
			buildConfigurations = (
				E14532A33B14EF14037BB820 /* Debug */,
				A75930A5D45DCBCA9AD4473E /* Release */,
			);
			defaultConfigurationIsVisible = 0;
			defaultConfigurationName = Debug;
		};
/* End XCConfigurationList section */

/* Begin XCRemoteSwiftPackageReference section */
		A9CCF4DB7CCB00118A6DF431 /* XCRemoteSwiftPackageReference "mapkit-ios-lite" */ = {
			isa = XCRemoteSwiftPackageReference;
			repositoryURL = "https://github.com/yandex/mapkit-ios-lite";
			requirement = {
				kind = exactVersion;
				version = 4.42.0;
			};
		};
/* End XCRemoteSwiftPackageReference section */

/* Begin XCSwiftPackageProductDependency section */
		AE633903C92739D5CB8BEFD5 /* YandexMapsMobileLite */ = {
			isa = XCSwiftPackageProductDependency;
			package = A9CCF4DB7CCB00118A6DF431 /* XCRemoteSwiftPackageReference "mapkit-ios-lite" */;
			productName = YandexMapsMobileLite;
		};
/* End XCSwiftPackageProductDependency section */
	};
	rootObject = 03BFB848BFA273CB742F1139 /* Project object */;
}
